
Microsoft Visual Studio Solution File, Format Version 12.00
# Visual Studio Version 17
VisualStudioVersion = 17.13.35617.110 d17.13
MinimumVisualStudioVersion = 10.0.40219.1
Project("{FAE04EC0-301F-11D3-BF4B-00C04F79EFBC}") = "PlanningAppMvc", "PlanningAppMvc\PlanningAppMvc.csproj", "{DFB942BD-8A6B-4A32-9BBE-26082ED3729E}"
EndProject
Global
	GlobalSection(SolutionConfigurationPlatforms) = preSolution
		Debug|Any CPU = Debug|Any CPU
		Release|Any CPU = Release|Any CPU
	EndGlobalSection
	GlobalSection(ProjectConfigurationPlatforms) = postSolution
		{DFB942BD-8A6B-4A32-9BBE-26082ED3729E}.Debug|Any CPU.ActiveCfg = Debug|Any CPU
		{DFB942BD-8A6B-4A32-9BBE-26082ED3729E}.Debug|Any CPU.Build.0 = Debug|Any CPU
		{DFB942BD-8A6B-4A32-9BBE-26082ED3729E}.Release|Any CPU.ActiveCfg = Release|Any CPU
		{DFB942BD-8A6B-4A32-9BBE-26082ED3729E}.Release|Any CPU.Build.0 = Release|Any CPU
	EndGlobalSection
	GlobalSection(SolutionProperties) = preSolution
		HideSolutionNode = FALSE
	EndGlobalSection
	GlobalSection(ExtensibilityGlobals) = postSolution
		SolutionGuid = {DDAC0CD6-954B-4FA6-8421-4DA120C17C5D}
	EndGlobalSection
EndGlobal
